// !$*UTF8*$!
{
	archiveVersion = 1;
	classes = {
	};
	objectVersion = 50;
	objects = {

/* Begin PBXBuildFile section */
		BC39DE4225554904000ABF0C /* AppDelegate.m in Sources */ = {isa = PBXBuildFile; fileRef = BC39DE4125554904000ABF0C /* AppDelegate.m */; };
		BC39DE4525554904000ABF0C /* SceneDelegate.m in Sources */ = {isa = PBXBuildFile; fileRef = BC39DE4425554904000ABF0C /* SceneDelegate.m */; };
		BC39DE4825554904000ABF0C /* ViewController.m in Sources */ = {isa = PBXBuildFile; fileRef = BC39DE4725554904000ABF0C /* ViewController.m */; };
		BC39DE4B25554904000ABF0C /* Main.storyboard in Resources */ = {isa = PBXBuildFile; fileRef = BC39DE4925554904000ABF0C /* Main.storyboard */; };
		BC39DE4D25554907000ABF0C /* Assets.xcassets in Resources */ = {isa = PBXBuildFile; fileRef = BC39DE4C25554907000ABF0C /* Assets.xcassets */; };
		BC39DE5025554907000ABF0C /* LaunchScreen.storyboard in Resources */ = {isa = PBXBuildFile; fileRef = BC39DE4E25554907000ABF0C /* LaunchScreen.storyboard */; };
		BC39DE5325554907000ABF0C /* main.m in Sources */ = {isa = PBXBuildFile; fileRef = BC39DE5225554907000ABF0C /* main.m */; };
/* End PBXBuildFile section */

/* Begin PBXFileReference section */
		BC39DE3D25554904000ABF0C /* YModemLib.app */ = {isa = PBXFileReference; explicitFileType = wrapper.application; includeInIndex = 0; path = YModemLib.app; sourceTree = BUILT_PRODUCTS_DIR; };
		BC39DE4025554904000ABF0C /* AppDelegate.h */ = {isa = PBXFileReference; lastKnownFileType = sourcecode.c.h; path = AppDelegate.h; sourceTree = "<group>"; };
		BC39DE4125554904000ABF0C /* AppDelegate.m */ = {isa = PBXFileReference; lastKnownFileType = sourcecode.c.objc; path = AppDelegate.m; sourceTree = "<group>"; };
		BC39DE4325554904000ABF0C /* SceneDelegate.h */ = {isa = PBXFileReference; lastKnownFileType = sourcecode.c.h; path = SceneDelegate.h; sourceTree = "<group>"; };
		BC39DE4425554904000ABF0C /* SceneDelegate.m */ = {isa = PBXFileReference; lastKnownFileType = sourcecode.c.objc; path = SceneDelegate.m; sourceTree = "<group>"; };
		BC39DE4625554904000ABF0C /* ViewController.h */ = {isa = PBXFileReference; lastKnownFileType = sourcecode.c.h; path = ViewController.h; sourceTree = "<group>"; };
		BC39DE4725554904000ABF0C /* ViewController.m */ = {isa = PBXFileReference; lastKnownFileType = sourcecode.c.objc; path = ViewController.m; sourceTree = "<group>"; };
		BC39DE4A25554904000ABF0C /* Base */ = {isa = PBXFileReference; lastKnownFileType = file.storyboard; name = Base; path = Base.lproj/Main.storyboard; sourceTree = "<group>"; };
		BC39DE4C25554907000ABF0C /* Assets.xcassets */ = {isa = PBXFileReference; lastKnownFileType = folder.assetcatalog; path = Assets.xcassets; sourceTree = "<group>"; };
		BC39DE4F25554907000ABF0C /* Base */ = {isa = PBXFileReference; lastKnownFileType = file.storyboard; name = Base; path = Base.lproj/LaunchScreen.storyboard; sourceTree = "<group>"; };
		BC39DE5125554907000ABF0C /* Info.plist */ = {isa = PBXFileReference; lastKnownFileType = text.plist.xml; path = Info.plist; sourceTree = "<group>"; };
		BC39DE5225554907000ABF0C /* main.m */ = {isa = PBXFileReference; lastKnownFileType = sourcecode.c.objc; path = main.m; sourceTree = "<group>"; };
/* End PBXFileReference section */

/* Begin PBXFrameworksBuildPhase section */
		BC39DE3A25554904000ABF0C /* Frameworks */ = {
			isa = PBXFrameworksBuildPhase;
			buildActionMask = 2147483647;
			files = (
			);
			runOnlyForDeploymentPostprocessing = 0;
		};
/* End PBXFrameworksBuildPhase section */

/* Begin PBXGroup section */
		BC39DE3425554904000ABF0C = {
			isa = PBXGroup;
			children = (
				BC39DE3F25554904000ABF0C /* YModemLib */,
				BC39DE3E25554904000ABF0C /* Products */,
			);
			sourceTree = "<group>";
		};
		BC39DE3E25554904000ABF0C /* Products */ = {
			isa = PBXGroup;
			children = (
				BC39DE3D25554904000ABF0C /* YModemLib.app */,
			);
			name = Products;
			sourceTree = "<group>";
		};
		BC39DE3F25554904000ABF0C /* YModemLib */ = {
			isa = PBXGroup;
			children = (
				BC39DE4025554904000ABF0C /* AppDelegate.h */,
				BC39DE4125554904000ABF0C /* AppDelegate.m */,
				BC39DE4325554904000ABF0C /* SceneDelegate.h */,
				BC39DE4425554904000ABF0C /* SceneDelegate.m */,
				BC39DE4625554904000ABF0C /* ViewController.h */,
				BC39DE4725554904000ABF0C /* ViewController.m */,
				BC39DE4925554904000ABF0C /* Main.storyboard */,
				BC39DE4C25554907000ABF0C /* Assets.xcassets */,
				BC39DE4E25554907000ABF0C /* LaunchScreen.storyboard */,
				BC39DE5125554907000ABF0C /* Info.plist */,
				BC39DE5225554907000ABF0C /* main.m */,
			);
			path = YModemLib;
			sourceTree = "<group>";
		};
/* End PBXGroup section */

/* Begin PBXNativeTarget section */
		BC39DE3C25554904000ABF0C /* YModemLib */ = {
			isa = PBXNativeTarget;
			buildConfigurationList = BC39DE5625554907000ABF0C /* Build configuration list for PBXNativeTarget "YModemLib" */;
			buildPhases = (
				BC39DE3925554904000ABF0C /* Sources */,
				BC39DE3A25554904000ABF0C /* Frameworks */,
				BC39DE3B25554904000ABF0C /* Resources */,
			);
			buildRules = (
			);
			dependencies = (
			);
			name = YModemLib;
			productName = YModemLib;
			productReference = BC39DE3D25554904000ABF0C /* YModemLib.app */;
			productType = "com.apple.product-type.application";
		};
/* End PBXNativeTarget section */

/* Begin PBXProject section */
		BC39DE3525554904000ABF0C /* Project object */ = {
			isa = PBXProject;
			attributes = {
				LastUpgradeCheck = 1210;
				TargetAttributes = {
					BC39DE3C25554904000ABF0C = {
						CreatedOnToolsVersion = 12.1;
					};
				};
			};
			buildConfigurationList = BC39DE3825554904000ABF0C /* Build configuration list for PBXProject "YModemLib" */;
			compatibilityVersion = "Xcode 9.3";
			developmentRegion = en;
			hasScannedForEncodings = 0;
			knownRegions = (
				en,
				Base,
			);
			mainGroup = BC39DE3425554904000ABF0C;
			productRefGroup = BC39DE3E25554904000ABF0C /* Products */;
			projectDirPath = "";
			projectRoot = "";
			targets = (
				BC39DE3C25554904000ABF0C /* YModemLib */,
			);
		};
/* End PBXProject section */

/* Begin PBXResourcesBuildPhase section */
		BC39DE3B25554904000ABF0C /* Resources */ = {
			isa = PBXResourcesBuildPhase;
			buildActionMask = 2147483647;
			files = (
				BC39DE5025554907000ABF0C /* LaunchScreen.storyboard in Resources */,
				BC39DE4D25554907000ABF0C /* Assets.xcassets in Resources */,
				BC39DE4B25554904000ABF0C /* Main.storyboard in Resources */,
			);
			runOnlyForDeploymentPostprocessing = 0;
		};
/* End PBXResourcesBuildPhase section */

/* Begin PBXSourcesBuildPhase section */
		BC39DE3925554904000ABF0C /* Sources */ = {
			isa = PBXSourcesBuildPhase;
			buildActionMask = 2147483647;
			files = (
				BC39DE4825554904000ABF0C /* ViewController.m in Sources */,
				BC39DE4225554904000ABF0C /* AppDelegate.m in Sources */,
				BC39DE5325554907000ABF0C /* main.m in Sources */,
				BC39DE4525554904000ABF0C /* SceneDelegate.m in Sources */,
			);
			runOnlyForDeploymentPostprocessing = 0;
		};
/* End PBXSourcesBuildPhase section */

/* Begin PBXVariantGroup section */
		BC39DE4925554904000ABF0C /* Main.storyboard */ = {
			isa = PBXVariantGroup;
			children = (
				BC39DE4A25554904000ABF0C /* Base */,
			);
			name = Main.storyboard;
			sourceTree = "<group>";
		};
		BC39DE4E25554907000ABF0C /* LaunchScreen.storyboard */ = {
			isa = PBXVariantGroup;
			children = (
				BC39DE4F25554907000ABF0C /* Base */,
			);
			name = LaunchScreen.storyboard;
			sourceTree = "<group>";
		};
/* End PBXVariantGroup section */

/* Begin XCBuildConfiguration section */
		BC39DE5425554907000ABF0C /* Debug */ = {
			isa = XCBuildConfiguration;
			buildSettings = {
				ALWAYS_SEARCH_USER_PATHS = NO;
				CLANG_ANALYZER_NONNULL = YES;
				CLANG_ANALYZER_NUMBER_OBJECT_CONVERSION = YES_AGGRESSIVE;
				CLANG_CXX_LANGUAGE_STANDARD = "gnu++14";
				CLANG_CXX_LIBRARY = "libc++";
				CLANG_ENABLE_MODULES = YES;
				CLANG_ENABLE_OBJC_ARC = YES;
				CLANG_ENABLE_OBJC_WEAK = YES;
				CLANG_WARN_BLOCK_CAPTURE_AUTORELEASING = YES;
				CLANG_WARN_BOOL_CONVERSION = YES;
				CLANG_WARN_COMMA = YES;
				CLANG_WARN_CONSTANT_CONVERSION = YES;
				CLANG_WARN_DEPRECATED_OBJC_IMPLEMENTATIONS = YES;
				CLANG_WARN_DIRECT_OBJC_ISA_USAGE = YES_ERROR;
				CLANG_WARN_DOCUMENTATION_COMMENTS = YES;
				CLANG_WARN_EMPTY_BODY = YES;
				CLANG_WARN_ENUM_CONVERSION = YES;
				CLANG_WARN_INFINITE_RECURSION = YES;
				CLANG_WARN_INT_CONVERSION = YES;
				CLANG_WARN_NON_LITERAL_NULL_CONVERSION = YES;
				CLANG_WARN_OBJC_IMPLICIT_RETAIN_SELF = YES;
				CLANG_WARN_OBJC_LITERAL_CONVERSION = YES;
				CLANG_WARN_OBJC_ROOT_CLASS = YES_ERROR;
				CLANG_WARN_QUOTED_INCLUDE_IN_FRAMEWORK_HEADER = YES;
				CLANG_WARN_RANGE_LOOP_ANALYSIS = YES;
				CLANG_WARN_STRICT_PROTOTYPES = YES;
				CLANG_WARN_SUSPICIOUS_MOVE = YES;
				CLANG_WARN_UNGUARDED_AVAILABILITY = YES_AGGRESSIVE;
				CLANG_WARN_UNREACHABLE_CODE = YES;
				CLANG_WARN__DUPLICATE_METHOD_MATCH = YES;
				COPY_PHASE_STRIP = NO;
				DEBUG_INFORMATION_FORMAT = dwarf;
				ENABLE_STRICT_OBJC_MSGSEND = YES;
				ENABLE_TESTABILITY = YES;
				GCC_C_LANGUAGE_STANDARD = gnu11;
				GCC_DYNAMIC_NO_PIC = NO;
				GCC_NO_COMMON_BLOCKS = YES;
				GCC_OPTIMIZATION_LEVEL = 0;
				GCC_PREPROCESSOR_DEFINITIONS = (
					"DEBUG=1",
					"$(inherited)",
				);
				GCC_WARN_64_TO_32_BIT_CONVERSION = YES;
				GCC_WARN_ABOUT_RETURN_TYPE = YES_ERROR;
				GCC_WARN_UNDECLARED_SELECTOR = YES;
				GCC_WARN_UNINITIALIZED_AUTOS = YES_AGGRESSIVE;
				GCC_WARN_UNUSED_FUNCTION = YES;
				GCC_WARN_UNUSED_VARIABLE = YES;
				IPHONEOS_DEPLOYMENT_TARGET = 14.1;
				MTL_ENABLE_DEBUG_INFO = INCLUDE_SOURCE;
				MTL_FAST_MATH = YES;
				ONLY_ACTIVE_ARCH = YES;
				SDKROOT = iphoneos;
			};
			name = Debug;
		};
		BC39DE5525554907000ABF0C /* Release */ = {
			isa = XCBuildConfiguration;
			buildSettings = {
				ALWAYS_SEARCH_USER_PATHS = NO;
				CLANG_ANALYZER_NONNULL = YES;
				CLANG_ANALYZER_NUMBER_OBJECT_CONVERSION = YES_AGGRESSIVE;
				CLANG_CXX_LANGUAGE_STANDARD = "gnu++14";
				CLANG_CXX_LIBRARY = "libc++";
				CLANG_ENABLE_MODULES = YES;
				CLANG_ENABLE_OBJC_ARC = YES;
				CLANG_ENABLE_OBJC_WEAK = YES;
				CLANG_WARN_BLOCK_CAPTURE_AUTORELEASING = YES;
				CLANG_WARN_BOOL_CONVERSION = YES;
				CLANG_WARN_COMMA = YES;
				CLANG_WARN_CONSTANT_CONVERSION = YES;
				CLANG_WARN_DEPRECATED_OBJC_IMPLEMENTATIONS = YES;
				CLANG_WARN_DIRECT_OBJC_ISA_USAGE = YES_ERROR;
				CLANG_WARN_DOCUMENTATION_COMMENTS = YES;
				CLANG_WARN_EMPTY_BODY = YES;
				CLANG_WARN_ENUM_CONVERSION = YES;
				CLANG_WARN_INFINITE_RECURSION = YES;
				CLANG_WARN_INT_CONVERSION = YES;
				CLANG_WARN_NON_LITERAL_NULL_CONVERSION = YES;
				CLANG_WARN_OBJC_IMPLICIT_RETAIN_SELF = YES;
				CLANG_WARN_OBJC_LITERAL_CONVERSION = YES;
				CLANG_WARN_OBJC_ROOT_CLASS = YES_ERROR;
				CLANG_WARN_QUOTED_INCLUDE_IN_FRAMEWORK_HEADER = YES;
				CLANG_WARN_RANGE_LOOP_ANALYSIS = YES;
				CLANG_WARN_STRICT_PROTOTYPES = YES;
				CLANG_WARN_SUSPICIOUS_MOVE = YES;
				CLANG_WARN_UNGUARDED_AVAILABILITY = YES_AGGRESSIVE;
				CLANG_WARN_UNREACHABLE_CODE = YES;
				CLANG_WARN__DUPLICATE_METHOD_MATCH = YES;
				COPY_PHASE_STRIP = NO;
				DEBUG_INFORMATION_FORMAT = "dwarf-with-dsym";
				ENABLE_NS_ASSERTIONS = NO;
				ENABLE_STRICT_OBJC_MSGSEND = YES;
				GCC_C_LANGUAGE_STANDARD = gnu11;
				GCC_NO_COMMON_BLOCKS = YES;
				GCC_WARN_64_TO_32_BIT_CONVERSION = YES;
				GCC_WARN_ABOUT_RETURN_TYPE = YES_ERROR;
				GCC_WARN_UNDECLARED_SELECTOR = YES;
				GCC_WARN_UNINITIALIZED_AUTOS = YES_AGGRESSIVE;
				GCC_WARN_UNUSED_FUNCTION = YES;
				GCC_WARN_UNUSED_VARIABLE = YES;
				IPHONEOS_DEPLOYMENT_TARGET = 14.1;
				MTL_ENABLE_DEBUG_INFO = NO;
				MTL_FAST_MATH = YES;
				SDKROOT = iphoneos;
				VALIDATE_PRODUCT = YES;
			};
			name = Release;
		};
		BC39DE5725554907000ABF0C /* Debug */ = {
			isa = XCBuildConfiguration;
			buildSettings = {
				ASSETCATALOG_COMPILER_APPICON_NAME = AppIcon;
				ASSETCATALOG_COMPILER_GLOBAL_ACCENT_COLOR_NAME = AccentColor;
				CODE_SIGN_STYLE = Automatic;
				DEVELOPMENT_TEAM = 4B5F6ELE34;
				INFOPLIST_FILE = YModemLib/Info.plist;
				LD_RUNPATH_SEARCH_PATHS = (
					"$(inherited)",
					"@executable_path/Frameworks",
				);
				PRODUCT_BUNDLE_IDENTIFIER = com.rnd.YModemLib;
				PRODUCT_NAME = "$(TARGET_NAME)";
				TARGETED_DEVICE_FAMILY = "1,2";
			};
			name = Debug;
		};
		BC39DE5825554907000ABF0C /* Release */ = {
			isa = XCBuildConfiguration;
			buildSettings = {
				ASSETCATALOG_COMPILER_APPICON_NAME = AppIcon;
				ASSETCATALOG_COMPILER_GLOBAL_ACCENT_COLOR_NAME = AccentColor;
				CODE_SIGN_STYLE = Automatic;
				DEVELOPMENT_TEAM = 4B5F6ELE34;
				INFOPLIST_FILE = YModemLib/Info.plist;
				LD_RUNPATH_SEARCH_PATHS = (
					"$(inherited)",
					"@executable_path/Frameworks",
				);
				PRODUCT_BUNDLE_IDENTIFIER = com.rnd.YModemLib;
				PRODUCT_NAME = "$(TARGET_NAME)";
				TARGETED_DEVICE_FAMILY = "1,2";
			};
			name = Release;
		};
/* End XCBuildConfiguration section */

/* Begin XCConfigurationList section */
		BC39DE3825554904000ABF0C /* Build configuration list for PBXProject "YModemLib" */ = {
			isa = XCConfigurationList;
			buildConfigurations = (
				BC39DE5425554907000ABF0C /* Debug */,
				BC39DE5525554907000ABF0C /* Release */,
			);
			defaultConfigurationIsVisible = 0;
			defaultConfigurationName = Release;
		};
		BC39DE5625554907000ABF0C /* Build configuration list for PBXNativeTarget "YModemLib" */ = {
			isa = XCConfigurationList;
			buildConfigurations = (
				BC39DE5725554907000ABF0C /* Debug */,
				BC39DE5825554907000ABF0C /* Release */,
			);
			defaultConfigurationIsVisible = 0;
			defaultConfigurationName = Release;
		};
/* End XCConfigurationList section */
	};
	rootObject = BC39DE3525554904000ABF0C /* Project object */;
}
